// !$*UTF8*$!
{
	archiveVersion = 1;
	classes = {
	};
	objectVersion = 56;
	objects = {

/* Begin PBXBuildFile section */
		BA7096842C41A26A009037E1 /* Order.swift in Sources */ = {isa = PBXBuildFile; fileRef = BA7096832C41A26A009037E1 /* Order.swift */; };
		BA7096872C41A74C009037E1 /* OrderViewModel.swift in Sources */ = {isa = PBXBuildFile; fileRef = BA7096862C41A74C009037E1 /* OrderViewModel.swift */; };
		BA7096892C41AC73009037E1 /* AddCoffeeOrderViewModel.swift in Sources */ = {isa = PBXBuildFile; fileRef = BA7096882C41AC73009037E1 /* AddCoffeeOrderViewModel.swift */; };
		BA853B602C40A0940056DA1D /* AppDelegate.swift in Sources */ = {isa = PBXBuildFile; fileRef = BA853B5F2C40A0940056DA1D /* AppDelegate.swift */; };
		BA853B622C40A0940056DA1D /* SceneDelegate.swift in Sources */ = {isa = PBXBuildFile; fileRef = BA853B612C40A0940056DA1D /* SceneDelegate.swift */; };
		BA853B672C40A0940056DA1D /* Base in Resources */ = {isa = PBXBuildFile; fileRef = BA853B662C40A0940056DA1D /* Base */; };
		BA853B692C40A0980056DA1D /* Assets.xcassets in Resources */ = {isa = PBXBuildFile; fileRef = BA853B682C40A0980056DA1D /* Assets.xcassets */; };
		BA853B6C2C40A0980056DA1D /* Base in Resources */ = {isa = PBXBuildFile; fileRef = BA853B6B2C40A0980056DA1D /* Base */; };
		BA853B752C40A1D50056DA1D /* OrdersTableViewController.swift in Sources */ = {isa = PBXBuildFile; fileRef = BA853B742C40A1D50056DA1D /* OrdersTableViewController.swift */; };
		BA853B772C40A2140056DA1D /* AddOrderViewController.swift in Sources */ = {isa = PBXBuildFile; fileRef = BA853B762C40A2140056DA1D /* AddOrderViewController.swift */; };
		BA853B7A2C40B5D60056DA1D /* WebService.swift in Sources */ = {isa = PBXBuildFile; fileRef = BA853B792C40B5D60056DA1D /* WebService.swift */; };
/* End PBXBuildFile section */

/* Begin PBXFileReference section */
		BA7096832C41A26A009037E1 /* Order.swift */ = {isa = PBXFileReference; lastKnownFileType = sourcecode.swift; path = Order.swift; sourceTree = "<group>"; };
		BA7096862C41A74C009037E1 /* OrderViewModel.swift */ = {isa = PBXFileReference; lastKnownFileType = sourcecode.swift; path = OrderViewModel.swift; sourceTree = "<group>"; };
		BA7096882C41AC73009037E1 /* AddCoffeeOrderViewModel.swift */ = {isa = PBXFileReference; lastKnownFileType = sourcecode.swift; path = AddCoffeeOrderViewModel.swift; sourceTree = "<group>"; };
		BA853B5C2C40A0940056DA1D /* HotCoffee.app */ = {isa = PBXFileReference; explicitFileType = wrapper.application; includeInIndex = 0; path = HotCoffee.app; sourceTree = BUILT_PRODUCTS_DIR; };
		BA853B5F2C40A0940056DA1D /* AppDelegate.swift */ = {isa = PBXFileReference; lastKnownFileType = sourcecode.swift; path = AppDelegate.swift; sourceTree = "<group>"; };
		BA853B612C40A0940056DA1D /* SceneDelegate.swift */ = {isa = PBXFileReference; lastKnownFileType = sourcecode.swift; path = SceneDelegate.swift; sourceTree = "<group>"; };
		BA853B662C40A0940056DA1D /* Base */ = {isa = PBXFileReference; lastKnownFileType = file.storyboard; name = Base; path = Base.lproj/Main.storyboard; sourceTree = "<group>"; };
		BA853B682C40A0980056DA1D /* Assets.xcassets */ = {isa = PBXFileReference; lastKnownFileType = folder.assetcatalog; path = Assets.xcassets; sourceTree = "<group>"; };
		BA853B6B2C40A0980056DA1D /* Base */ = {isa = PBXFileReference; lastKnownFileType = file.storyboard; name = Base; path = Base.lproj/LaunchScreen.storyboard; sourceTree = "<group>"; };
		BA853B6D2C40A0980056DA1D /* Info.plist */ = {isa = PBXFileReference; lastKnownFileType = text.plist.xml; path = Info.plist; sourceTree = "<group>"; };
		BA853B742C40A1D50056DA1D /* OrdersTableViewController.swift */ = {isa = PBXFileReference; lastKnownFileType = sourcecode.swift; path = OrdersTableViewController.swift; sourceTree = "<group>"; };
		BA853B762C40A2140056DA1D /* AddOrderViewController.swift */ = {isa = PBXFileReference; lastKnownFileType = sourcecode.swift; path = AddOrderViewController.swift; sourceTree = "<group>"; };
		BA853B792C40B5D60056DA1D /* WebService.swift */ = {isa = PBXFileReference; lastKnownFileType = sourcecode.swift; path = WebService.swift; sourceTree = "<group>"; };
/* End PBXFileReference section */

/* Begin PBXFrameworksBuildPhase section */
		BA853B592C40A0940056DA1D /* Frameworks */ = {
			isa = PBXFrameworksBuildPhase;
			buildActionMask = 2147483647;
			files = (
			);
			runOnlyForDeploymentPostprocessing = 0;
		};
/* End PBXFrameworksBuildPhase section */

/* Begin PBXGroup section */
		BA7096822C41A255009037E1 /* Models */ = {
			isa = PBXGroup;
			children = (
				BA7096832C41A26A009037E1 /* Order.swift */,
			);
			path = Models;
			sourceTree = "<group>";
		};
		BA7096852C41A739009037E1 /* ViewModels */ = {
			isa = PBXGroup;
			children = (
				BA7096862C41A74C009037E1 /* OrderViewModel.swift */,
				BA7096882C41AC73009037E1 /* AddCoffeeOrderViewModel.swift */,
			);
			path = ViewModels;
			sourceTree = "<group>";
		};
		BA853B532C40A0940056DA1D = {
			isa = PBXGroup;
			children = (
				BA853B5E2C40A0940056DA1D /* HotCoffee */,
				BA853B5D2C40A0940056DA1D /* Products */,
			);
			sourceTree = "<group>";
		};
		BA853B5D2C40A0940056DA1D /* Products */ = {
			isa = PBXGroup;
			children = (
				BA853B5C2C40A0940056DA1D /* HotCoffee.app */,
			);
			name = Products;
			sourceTree = "<group>";
		};
		BA853B5E2C40A0940056DA1D /* HotCoffee */ = {
			isa = PBXGroup;
			children = (
				BA7096852C41A739009037E1 /* ViewModels */,
				BA7096822C41A255009037E1 /* Models */,
				BA853B782C40B5CB0056DA1D /* Services */,
				BA853B732C40A0EE0056DA1D /* Controllers */,
				BA853B5F2C40A0940056DA1D /* AppDelegate.swift */,
				BA853B652C40A0940056DA1D /* Main.storyboard */,
				BA853B682C40A0980056DA1D /* Assets.xcassets */,
				BA853B612C40A0940056DA1D /* SceneDelegate.swift */,
				BA853B6A2C40A0980056DA1D /* LaunchScreen.storyboard */,
				BA853B6D2C40A0980056DA1D /* Info.plist */,
			);
			path = HotCoffee;
			sourceTree = "<group>";
		};
		BA853B732C40A0EE0056DA1D /* Controllers */ = {
			isa = PBXGroup;
			children = (
				BA853B742C40A1D50056DA1D /* OrdersTableViewController.swift */,
				BA853B762C40A2140056DA1D /* AddOrderViewController.swift */,
			);
			path = Controllers;
			sourceTree = "<group>";
		};
		BA853B782C40B5CB0056DA1D /* Services */ = {
			isa = PBXGroup;
			children = (
				BA853B792C40B5D60056DA1D /* WebService.swift */,
			);
			path = Services;
			sourceTree = "<group>";
		};
/* End PBXGroup section */

/* Begin PBXNativeTarget section */
		BA853B5B2C40A0940056DA1D /* HotCoffee */ = {
			isa = PBXNativeTarget;
			buildConfigurationList = BA853B702C40A0980056DA1D /* Build configuration list for PBXNativeTarget "HotCoffee" */;
			buildPhases = (
				BA853B582C40A0940056DA1D /* Sources */,
				BA853B592C40A0940056DA1D /* Frameworks */,
				BA853B5A2C40A0940056DA1D /* Resources */,
			);
			buildRules = (
			);
			dependencies = (
			);
			name = HotCoffee;
			productName = HotCoffee;
			productReference = BA853B5C2C40A0940056DA1D /* HotCoffee.app */;
			productType = "com.apple.product-type.application";
		};
/* End PBXNativeTarget section */

/* Begin PBXProject section */
		BA853B542C40A0940056DA1D /* Project object */ = {
			isa = PBXProject;
			attributes = {
				BuildIndependentTargetsInParallel = 1;
				LastSwiftUpdateCheck = 1540;
				LastUpgradeCheck = 1540;
				TargetAttributes = {
					BA853B5B2C40A0940056DA1D = {
						CreatedOnToolsVersion = 15.4;
					};
				};
			};
			buildConfigurationList = BA853B572C40A0940056DA1D /* Build configuration list for PBXProject "HotCoffee" */;
			compatibilityVersion = "Xcode 14.0";
			developmentRegion = en;
			hasScannedForEncodings = 0;
			knownRegions = (
				en,
				Base,
			);
			mainGroup = BA853B532C40A0940056DA1D;
			productRefGroup = BA853B5D2C40A0940056DA1D /* Products */;
			projectDirPath = "";
			projectRoot = "";
			targets = (
				BA853B5B2C40A0940056DA1D /* HotCoffee */,
			);
		};
/* End PBXProject section */

/* Begin PBXResourcesBuildPhase section */
		BA853B5A2C40A0940056DA1D /* Resources */ = {
			isa = PBXResourcesBuildPhase;
			buildActionMask = 2147483647;
			files = (
				BA853B692C40A0980056DA1D /* Assets.xcassets in Resources */,
				BA853B6C2C40A0980056DA1D /* Base in Resources */,
				BA853B672C40A0940056DA1D /* Base in Resources */,
			);
			runOnlyForDeploymentPostprocessing = 0;
		};
/* End PBXResourcesBuildPhase section */

/* Begin PBXSourcesBuildPhase section */
		BA853B582C40A0940056DA1D /* Sources */ = {
			isa = PBXSourcesBuildPhase;
			buildActionMask = 2147483647;
			files = (
				BA7096842C41A26A009037E1 /* Order.swift in Sources */,
				BA7096892C41AC73009037E1 /* AddCoffeeOrderViewModel.swift in Sources */,
				BA853B602C40A0940056DA1D /* AppDelegate.swift in Sources */,
				BA853B622C40A0940056DA1D /* SceneDelegate.swift in Sources */,
				BA853B752C40A1D50056DA1D /* OrdersTableViewController.swift in Sources */,
				BA853B7A2C40B5D60056DA1D /* WebService.swift in Sources */,
				BA7096872C41A74C009037E1 /* OrderViewModel.swift in Sources */,
				BA853B772C40A2140056DA1D /* AddOrderViewController.swift in Sources */,
			);
			runOnlyForDeploymentPostprocessing = 0;
		};
/* End PBXSourcesBuildPhase section */

/* Begin PBXVariantGroup section */
		BA853B652C40A0940056DA1D /* Main.storyboard */ = {
			isa = PBXVariantGroup;
			children = (
				BA853B662C40A0940056DA1D /* Base */,
			);
			name = Main.storyboard;
			sourceTree = "<group>";
		};
		BA853B6A2C40A0980056DA1D /* LaunchScreen.storyboard */ = {
			isa = PBXVariantGroup;
			children = (
				BA853B6B2C40A0980056DA1D /* Base */,
			);
			name = LaunchScreen.storyboard;
			sourceTree = "<group>";
		};
/* End PBXVariantGroup section */

/* Begin XCBuildConfiguration section */
		BA853B6E2C40A0980056DA1D /* Debug */ = {
			isa = XCBuildConfiguration;
			buildSettings = {
				ALWAYS_SEARCH_USER_PATHS = NO;
				ASSETCATALOG_COMPILER_GENERATE_SWIFT_ASSET_SYMBOL_EXTENSIONS = YES;
				CLANG_ANALYZER_NONNULL = YES;
				CLANG_ANALYZER_NUMBER_OBJECT_CONVERSION = YES_AGGRESSIVE;
				CLANG_CXX_LANGUAGE_STANDARD = "gnu++20";
				CLANG_ENABLE_MODULES = YES;
				CLANG_ENABLE_OBJC_ARC = YES;
				CLANG_ENABLE_OBJC_WEAK = YES;
				CLANG_WARN_BLOCK_CAPTURE_AUTORELEASING = YES;
				CLANG_WARN_BOOL_CONVERSION = YES;
				CLANG_WARN_COMMA = YES;
				CLANG_WARN_CONSTANT_CONVERSION = YES;
				CLANG_WARN_DEPRECATED_OBJC_IMPLEMENTATIONS = YES;
				CLANG_WARN_DIRECT_OBJC_ISA_USAGE = YES_ERROR;
				CLANG_WARN_DOCUMENTATION_COMMENTS = YES;
				CLANG_WARN_EMPTY_BODY = YES;
				CLANG_WARN_ENUM_CONVERSION = YES;
				CLANG_WARN_INFINITE_RECURSION = YES;
				CLANG_WARN_INT_CONVERSION = YES;
				CLANG_WARN_NON_LITERAL_NULL_CONVERSION = YES;
				CLANG_WARN_OBJC_IMPLICIT_RETAIN_SELF = YES;
				CLANG_WARN_OBJC_LITERAL_CONVERSION = YES;
				CLANG_WARN_OBJC_ROOT_CLASS = YES_ERROR;
				CLANG_WARN_QUOTED_INCLUDE_IN_FRAMEWORK_HEADER = YES;
				CLANG_WARN_RANGE_LOOP_ANALYSIS = YES;
				CLANG_WARN_STRICT_PROTOTYPES = YES;
				CLANG_WARN_SUSPICIOUS_MOVE = YES;
				CLANG_WARN_UNGUARDED_AVAILABILITY = YES_AGGRESSIVE;
				CLANG_WARN_UNREACHABLE_CODE = YES;
				CLANG_WARN__DUPLICATE_METHOD_MATCH = YES;
				COPY_PHASE_STRIP = NO;
				DEBUG_INFORMATION_FORMAT = dwarf;
				ENABLE_STRICT_OBJC_MSGSEND = YES;
				ENABLE_TESTABILITY = YES;
				ENABLE_USER_SCRIPT_SANDBOXING = YES;
				GCC_C_LANGUAGE_STANDARD = gnu17;
				GCC_DYNAMIC_NO_PIC = NO;
				GCC_NO_COMMON_BLOCKS = YES;
				GCC_OPTIMIZATION_LEVEL = 0;
				GCC_PREPROCESSOR_DEFINITIONS = (
					"DEBUG=1",
					"$(inherited)",
				);
				GCC_WARN_64_TO_32_BIT_CONVERSION = YES;
				GCC_WARN_ABOUT_RETURN_TYPE = YES_ERROR;
				GCC_WARN_UNDECLARED_SELECTOR = YES;
				GCC_WARN_UNINITIALIZED_AUTOS = YES_AGGRESSIVE;
				GCC_WARN_UNUSED_FUNCTION = YES;
				GCC_WARN_UNUSED_VARIABLE = YES;
				IPHONEOS_DEPLOYMENT_TARGET = 17.5;
				LOCALIZATION_PREFERS_STRING_CATALOGS = YES;
				MTL_ENABLE_DEBUG_INFO = INCLUDE_SOURCE;
				MTL_FAST_MATH = YES;
				ONLY_ACTIVE_ARCH = YES;
				SDKROOT = iphoneos;
				SWIFT_ACTIVE_COMPILATION_CONDITIONS = "DEBUG $(inherited)";
				SWIFT_OPTIMIZATION_LEVEL = "-Onone";
			};
			name = Debug;
		};
		BA853B6F2C40A0980056DA1D /* Release */ = {
			isa = XCBuildConfiguration;
			buildSettings = {
				ALWAYS_SEARCH_USER_PATHS = NO;
				ASSETCATALOG_COMPILER_GENERATE_SWIFT_ASSET_SYMBOL_EXTENSIONS = YES;
				CLANG_ANALYZER_NONNULL = YES;
				CLANG_ANALYZER_NUMBER_OBJECT_CONVERSION = YES_AGGRESSIVE;
				CLANG_CXX_LANGUAGE_STANDARD = "gnu++20";
				CLANG_ENABLE_MODULES = YES;
				CLANG_ENABLE_OBJC_ARC = YES;
				CLANG_ENABLE_OBJC_WEAK = YES;
				CLANG_WARN_BLOCK_CAPTURE_AUTORELEASING = YES;
				CLANG_WARN_BOOL_CONVERSION = YES;
				CLANG_WARN_COMMA = YES;
				CLANG_WARN_CONSTANT_CONVERSION = YES;
				CLANG_WARN_DEPRECATED_OBJC_IMPLEMENTATIONS = YES;
				CLANG_WARN_DIRECT_OBJC_ISA_USAGE = YES_ERROR;
				CLANG_WARN_DOCUMENTATION_COMMENTS = YES;
				CLANG_WARN_EMPTY_BODY = YES;
				CLANG_WARN_ENUM_CONVERSION = YES;
				CLANG_WARN_INFINITE_RECURSION = YES;
				CLANG_WARN_INT_CONVERSION = YES;
				CLANG_WARN_NON_LITERAL_NULL_CONVERSION = YES;
				CLANG_WARN_OBJC_IMPLICIT_RETAIN_SELF = YES;
				CLANG_WARN_OBJC_LITERAL_CONVERSION = YES;
				CLANG_WARN_OBJC_ROOT_CLASS = YES_ERROR;
				CLANG_WARN_QUOTED_INCLUDE_IN_FRAMEWORK_HEADER = YES;
				CLANG_WARN_RANGE_LOOP_ANALYSIS = YES;
				CLANG_WARN_STRICT_PROTOTYPES = YES;
				CLANG_WARN_SUSPICIOUS_MOVE = YES;
				CLANG_WARN_UNGUARDED_AVAILABILITY = YES_AGGRESSIVE;
				CLANG_WARN_UNREACHABLE_CODE = YES;
				CLANG_WARN__DUPLICATE_METHOD_MATCH = YES;
				COPY_PHASE_STRIP = NO;
				DEBUG_INFORMATION_FORMAT = "dwarf-with-dsym";
				ENABLE_NS_ASSERTIONS = NO;
				ENABLE_STRICT_OBJC_MSGSEND = YES;
				ENABLE_USER_SCRIPT_SANDBOXING = YES;
				GCC_C_LANGUAGE_STANDARD = gnu17;
				GCC_NO_COMMON_BLOCKS = YES;
				GCC_WARN_64_TO_32_BIT_CONVERSION = YES;
				GCC_WARN_ABOUT_RETURN_TYPE = YES_ERROR;
				GCC_WARN_UNDECLARED_SELECTOR = YES;
				GCC_WARN_UNINITIALIZED_AUTOS = YES_AGGRESSIVE;
				GCC_WARN_UNUSED_FUNCTION = YES;
				GCC_WARN_UNUSED_VARIABLE = YES;
				IPHONEOS_DEPLOYMENT_TARGET = 17.5;
				LOCALIZATION_PREFERS_STRING_CATALOGS = YES;
				MTL_ENABLE_DEBUG_INFO = NO;
				MTL_FAST_MATH = YES;
				SDKROOT = iphoneos;
				SWIFT_COMPILATION_MODE = wholemodule;
				VALIDATE_PRODUCT = YES;
			};
			name = Release;
		};
		BA853B712C40A0980056DA1D /* Debug */ = {
			isa = XCBuildConfiguration;
			buildSettings = {
				ASSETCATALOG_COMPILER_APPICON_NAME = AppIcon;
				ASSETCATALOG_COMPILER_GLOBAL_ACCENT_COLOR_NAME = AccentColor;
				CODE_SIGN_STYLE = Automatic;
				CURRENT_PROJECT_VERSION = 1;
				DEVELOPMENT_TEAM = 6VH946FT2M;
				GENERATE_INFOPLIST_FILE = YES;
				INFOPLIST_FILE = HotCoffee/Info.plist;
				INFOPLIST_KEY_UIApplicationSupportsIndirectInputEvents = YES;
				INFOPLIST_KEY_UILaunchStoryboardName = LaunchScreen;
				INFOPLIST_KEY_UIMainStoryboardFile = Main;
				INFOPLIST_KEY_UISupportedInterfaceOrientations_iPad = "UIInterfaceOrientationPortrait UIInterfaceOrientationPortraitUpsideDown UIInterfaceOrientationLandscapeLeft UIInterfaceOrientationLandscapeRight";
				INFOPLIST_KEY_UISupportedInterfaceOrientations_iPhone = "UIInterfaceOrientationPortrait UIInterfaceOrientationLandscapeLeft UIInterfaceOrientationLandscapeRight";
				LD_RUNPATH_SEARCH_PATHS = (
					"$(inherited)",
					"@executable_path/Frameworks",
				);
				MARKETING_VERSION = 1.0;
				PRODUCT_BUNDLE_IDENTIFIER = com.henrycalderon.HotCoffee;
				PRODUCT_NAME = "$(TARGET_NAME)";
				SWIFT_EMIT_LOC_STRINGS = YES;
				SWIFT_VERSION = 5.0;
				TARGETED_DEVICE_FAMILY = "1,2";
			};
			name = Debug;
		};
		BA853B722C40A0980056DA1D /* Release */ = {
			isa = XCBuildConfiguration;
			buildSettings = {
				ASSETCATALOG_COMPILER_APPICON_NAME = AppIcon;
				ASSETCATALOG_COMPILER_GLOBAL_ACCENT_COLOR_NAME = AccentColor;
				CODE_SIGN_STYLE = Automatic;
				CURRENT_PROJECT_VERSION = 1;
				DEVELOPMENT_TEAM = 6VH946FT2M;
				GENERATE_INFOPLIST_FILE = YES;
				INFOPLIST_FILE = HotCoffee/Info.plist;
				INFOPLIST_KEY_UIApplicationSupportsIndirectInputEvents = YES;
				INFOPLIST_KEY_UILaunchStoryboardName = LaunchScreen;
				INFOPLIST_KEY_UIMainStoryboardFile = Main;
				INFOPLIST_KEY_UISupportedInterfaceOrientations_iPad = "UIInterfaceOrientationPortrait UIInterfaceOrientationPortraitUpsideDown UIInterfaceOrientationLandscapeLeft UIInterfaceOrientationLandscapeRight";
				INFOPLIST_KEY_UISupportedInterfaceOrientations_iPhone = "UIInterfaceOrientationPortrait UIInterfaceOrientationLandscapeLeft UIInterfaceOrientationLandscapeRight";
				LD_RUNPATH_SEARCH_PATHS = (
					"$(inherited)",
					"@executable_path/Frameworks",
				);
				MARKETING_VERSION = 1.0;
				PRODUCT_BUNDLE_IDENTIFIER = com.henrycalderon.HotCoffee;
				PRODUCT_NAME = "$(TARGET_NAME)";
				SWIFT_EMIT_LOC_STRINGS = YES;
				SWIFT_VERSION = 5.0;
				TARGETED_DEVICE_FAMILY = "1,2";
			};
			name = Release;
		};
/* End XCBuildConfiguration section */

/* Begin XCConfigurationList section */
		BA853B572C40A0940056DA1D /* Build configuration list for PBXProject "HotCoffee" */ = {
			isa = XCConfigurationList;
			buildConfigurations = (
				BA853B6E2C40A0980056DA1D /* Debug */,
				BA853B6F2C40A0980056DA1D /* Release */,
			);
			defaultConfigurationIsVisible = 0;
			defaultConfigurationName = Release;
		};
		BA853B702C40A0980056DA1D /* Build configuration list for PBXNativeTarget "HotCoffee" */ = {
			isa = XCConfigurationList;
			buildConfigurations = (
				BA853B712C40A0980056DA1D /* Debug */,
				BA853B722C40A0980056DA1D /* Release */,
			);
			defaultConfigurationIsVisible = 0;
			defaultConfigurationName = Release;
		};
/* End XCConfigurationList section */
	};
	rootObject = BA853B542C40A0940056DA1D /* Project object */;
}
