// !$*UTF8*$!
{
	archiveVersion = 1;
	classes = {
	};
	objectVersion = 56;
	objects = {

/* Begin PBXBuildFile section */
		BA08A77E2C458E70004C4FA9 /* WeatherResponse.swift in Sources */ = {isa = PBXBuildFile; fileRef = BA08A77D2C458E70004C4FA9 /* WeatherResponse.swift */; };
		BAB192D72C432AE1001DEFAA /* AppDelegate.swift in Sources */ = {isa = PBXBuildFile; fileRef = BAB192D62C432AE1001DEFAA /* AppDelegate.swift */; };
		BAB192D92C432AE1001DEFAA /* SceneDelegate.swift in Sources */ = {isa = PBXBuildFile; fileRef = BAB192D82C432AE1001DEFAA /* SceneDelegate.swift */; };
		BAB192DE2C432AE1001DEFAA /* Base in Resources */ = {isa = PBXBuildFile; fileRef = BAB192DD2C432AE1001DEFAA /* Base */; };
		BAB192E02C432AE4001DEFAA /* Assets.xcassets in Resources */ = {isa = PBXBuildFile; fileRef = BAB192DF2C432AE4001DEFAA /* Assets.xcassets */; };
		BAB192E32C432AE4001DEFAA /* Base in Resources */ = {isa = PBXBuildFile; fileRef = BAB192E22C432AE4001DEFAA /* Base */; };
		BAB192EC2C432DCD001DEFAA /* WeatherListTableViewController.swift in Sources */ = {isa = PBXBuildFile; fileRef = BAB192EB2C432DCD001DEFAA /* WeatherListTableViewController.swift */; };
		BAB192EE2C432E00001DEFAA /* AddWeatherCityViewController.swift in Sources */ = {isa = PBXBuildFile; fileRef = BAB192ED2C432E00001DEFAA /* AddWeatherCityViewController.swift */; };
		BAB192F12C447F38001DEFAA /* WeatherCell.swift in Sources */ = {isa = PBXBuildFile; fileRef = BAB192F02C447F38001DEFAA /* WeatherCell.swift */; };
		BAB192F42C448A4C001DEFAA /* WebService.swift in Sources */ = {isa = PBXBuildFile; fileRef = BAB192F32C448A4C001DEFAA /* WebService.swift */; };
/* End PBXBuildFile section */

/* Begin PBXFileReference section */
		BA08A77D2C458E70004C4FA9 /* WeatherResponse.swift */ = {isa = PBXFileReference; lastKnownFileType = sourcecode.swift; path = WeatherResponse.swift; sourceTree = "<group>"; };
		BAB192D32C432AE1001DEFAA /* GoodWeather.app */ = {isa = PBXFileReference; explicitFileType = wrapper.application; includeInIndex = 0; path = GoodWeather.app; sourceTree = BUILT_PRODUCTS_DIR; };
		BAB192D62C432AE1001DEFAA /* AppDelegate.swift */ = {isa = PBXFileReference; lastKnownFileType = sourcecode.swift; path = AppDelegate.swift; sourceTree = "<group>"; };
		BAB192D82C432AE1001DEFAA /* SceneDelegate.swift */ = {isa = PBXFileReference; lastKnownFileType = sourcecode.swift; path = SceneDelegate.swift; sourceTree = "<group>"; };
		BAB192DD2C432AE1001DEFAA /* Base */ = {isa = PBXFileReference; lastKnownFileType = file.storyboard; name = Base; path = Base.lproj/Main.storyboard; sourceTree = "<group>"; };
		BAB192DF2C432AE4001DEFAA /* Assets.xcassets */ = {isa = PBXFileReference; lastKnownFileType = folder.assetcatalog; path = Assets.xcassets; sourceTree = "<group>"; };
		BAB192E22C432AE4001DEFAA /* Base */ = {isa = PBXFileReference; lastKnownFileType = file.storyboard; name = Base; path = Base.lproj/LaunchScreen.storyboard; sourceTree = "<group>"; };
		BAB192E42C432AE4001DEFAA /* Info.plist */ = {isa = PBXFileReference; lastKnownFileType = text.plist.xml; path = Info.plist; sourceTree = "<group>"; };
		BAB192EB2C432DCD001DEFAA /* WeatherListTableViewController.swift */ = {isa = PBXFileReference; lastKnownFileType = sourcecode.swift; path = WeatherListTableViewController.swift; sourceTree = "<group>"; };
		BAB192ED2C432E00001DEFAA /* AddWeatherCityViewController.swift */ = {isa = PBXFileReference; lastKnownFileType = sourcecode.swift; path = AddWeatherCityViewController.swift; sourceTree = "<group>"; };
		BAB192F02C447F38001DEFAA /* WeatherCell.swift */ = {isa = PBXFileReference; lastKnownFileType = sourcecode.swift; path = WeatherCell.swift; sourceTree = "<group>"; };
		BAB192F32C448A4C001DEFAA /* WebService.swift */ = {isa = PBXFileReference; lastKnownFileType = sourcecode.swift; path = WebService.swift; sourceTree = "<group>"; };
/* End PBXFileReference section */

/* Begin PBXFrameworksBuildPhase section */
		BAB192D02C432AE1001DEFAA /* Frameworks */ = {
			isa = PBXFrameworksBuildPhase;
			buildActionMask = 2147483647;
			files = (
			);
			runOnlyForDeploymentPostprocessing = 0;
		};
/* End PBXFrameworksBuildPhase section */

/* Begin PBXGroup section */
		BA08A77C2C458E30004C4FA9 /* Models */ = {
			isa = PBXGroup;
			children = (
				BA08A77D2C458E70004C4FA9 /* WeatherResponse.swift */,
			);
			path = Models;
			sourceTree = "<group>";
		};
		BAB192CA2C432AE1001DEFAA = {
			isa = PBXGroup;
			children = (
				BAB192D52C432AE1001DEFAA /* GoodWeather */,
				BAB192D42C432AE1001DEFAA /* Products */,
			);
			sourceTree = "<group>";
		};
		BAB192D42C432AE1001DEFAA /* Products */ = {
			isa = PBXGroup;
			children = (
				BAB192D32C432AE1001DEFAA /* GoodWeather.app */,
			);
			name = Products;
			sourceTree = "<group>";
		};
		BAB192D52C432AE1001DEFAA /* GoodWeather */ = {
			isa = PBXGroup;
			children = (
				BA08A77C2C458E30004C4FA9 /* Models */,
				BAB192F22C448A1C001DEFAA /* Services */,
				BAB192EF2C447F17001DEFAA /* CustomCells */,
				BAB192EA2C432DAD001DEFAA /* Controllers */,
				BAB192D62C432AE1001DEFAA /* AppDelegate.swift */,
				BAB192D82C432AE1001DEFAA /* SceneDelegate.swift */,
				BAB192DC2C432AE1001DEFAA /* Main.storyboard */,
				BAB192DF2C432AE4001DEFAA /* Assets.xcassets */,
				BAB192E12C432AE4001DEFAA /* LaunchScreen.storyboard */,
				BAB192E42C432AE4001DEFAA /* Info.plist */,
			);
			path = GoodWeather;
			sourceTree = "<group>";
		};
		BAB192EA2C432DAD001DEFAA /* Controllers */ = {
			isa = PBXGroup;
			children = (
				BAB192EB2C432DCD001DEFAA /* WeatherListTableViewController.swift */,
				BAB192ED2C432E00001DEFAA /* AddWeatherCityViewController.swift */,
			);
			path = Controllers;
			sourceTree = "<group>";
		};
		BAB192EF2C447F17001DEFAA /* CustomCells */ = {
			isa = PBXGroup;
			children = (
				BAB192F02C447F38001DEFAA /* WeatherCell.swift */,
			);
			path = CustomCells;
			sourceTree = "<group>";
		};
		BAB192F22C448A1C001DEFAA /* Services */ = {
			isa = PBXGroup;
			children = (
				BAB192F32C448A4C001DEFAA /* WebService.swift */,
			);
			path = Services;
			sourceTree = "<group>";
		};
/* End PBXGroup section */

/* Begin PBXNativeTarget section */
		BAB192D22C432AE1001DEFAA /* GoodWeather */ = {
			isa = PBXNativeTarget;
			buildConfigurationList = BAB192E72C432AE4001DEFAA /* Build configuration list for PBXNativeTarget "GoodWeather" */;
			buildPhases = (
				BAB192CF2C432AE1001DEFAA /* Sources */,
				BAB192D02C432AE1001DEFAA /* Frameworks */,
				BAB192D12C432AE1001DEFAA /* Resources */,
			);
			buildRules = (
			);
			dependencies = (
			);
			name = GoodWeather;
			productName = GoodWeather;
			productReference = BAB192D32C432AE1001DEFAA /* GoodWeather.app */;
			productType = "com.apple.product-type.application";
		};
/* End PBXNativeTarget section */

/* Begin PBXProject section */
		BAB192CB2C432AE1001DEFAA /* Project object */ = {
			isa = PBXProject;
			attributes = {
				BuildIndependentTargetsInParallel = 1;
				LastSwiftUpdateCheck = 1540;
				LastUpgradeCheck = 1540;
				TargetAttributes = {
					BAB192D22C432AE1001DEFAA = {
						CreatedOnToolsVersion = 15.4;
					};
				};
			};
			buildConfigurationList = BAB192CE2C432AE1001DEFAA /* Build configuration list for PBXProject "GoodWeather" */;
			compatibilityVersion = "Xcode 14.0";
			developmentRegion = en;
			hasScannedForEncodings = 0;
			knownRegions = (
				en,
				Base,
			);
			mainGroup = BAB192CA2C432AE1001DEFAA;
			productRefGroup = BAB192D42C432AE1001DEFAA /* Products */;
			projectDirPath = "";
			projectRoot = "";
			targets = (
				BAB192D22C432AE1001DEFAA /* GoodWeather */,
			);
		};
/* End PBXProject section */

/* Begin PBXResourcesBuildPhase section */
		BAB192D12C432AE1001DEFAA /* Resources */ = {
			isa = PBXResourcesBuildPhase;
			buildActionMask = 2147483647;
			files = (
				BAB192E02C432AE4001DEFAA /* Assets.xcassets in Resources */,
				BAB192E32C432AE4001DEFAA /* Base in Resources */,
				BAB192DE2C432AE1001DEFAA /* Base in Resources */,
			);
			runOnlyForDeploymentPostprocessing = 0;
		};
/* End PBXResourcesBuildPhase section */

/* Begin PBXSourcesBuildPhase section */
		BAB192CF2C432AE1001DEFAA /* Sources */ = {
			isa = PBXSourcesBuildPhase;
			buildActionMask = 2147483647;
			files = (
				BAB192F42C448A4C001DEFAA /* WebService.swift in Sources */,
				BAB192EC2C432DCD001DEFAA /* WeatherListTableViewController.swift in Sources */,
				BAB192D72C432AE1001DEFAA /* AppDelegate.swift in Sources */,
				BA08A77E2C458E70004C4FA9 /* WeatherResponse.swift in Sources */,
				BAB192F12C447F38001DEFAA /* WeatherCell.swift in Sources */,
				BAB192EE2C432E00001DEFAA /* AddWeatherCityViewController.swift in Sources */,
				BAB192D92C432AE1001DEFAA /* SceneDelegate.swift in Sources */,
			);
			runOnlyForDeploymentPostprocessing = 0;
		};
/* End PBXSourcesBuildPhase section */

/* Begin PBXVariantGroup section */
		BAB192DC2C432AE1001DEFAA /* Main.storyboard */ = {
			isa = PBXVariantGroup;
			children = (
				BAB192DD2C432AE1001DEFAA /* Base */,
			);
			name = Main.storyboard;
			sourceTree = "<group>";
		};
		BAB192E12C432AE4001DEFAA /* LaunchScreen.storyboard */ = {
			isa = PBXVariantGroup;
			children = (
				BAB192E22C432AE4001DEFAA /* Base */,
			);
			name = LaunchScreen.storyboard;
			sourceTree = "<group>";
		};
/* End PBXVariantGroup section */

/* Begin XCBuildConfiguration section */
		BAB192E52C432AE4001DEFAA /* Debug */ = {
			isa = XCBuildConfiguration;
			buildSettings = {
				ALWAYS_SEARCH_USER_PATHS = NO;
				ASSETCATALOG_COMPILER_GENERATE_SWIFT_ASSET_SYMBOL_EXTENSIONS = YES;
				CLANG_ANALYZER_NONNULL = YES;
				CLANG_ANALYZER_NUMBER_OBJECT_CONVERSION = YES_AGGRESSIVE;
				CLANG_CXX_LANGUAGE_STANDARD = "gnu++20";
				CLANG_ENABLE_MODULES = YES;
				CLANG_ENABLE_OBJC_ARC = YES;
				CLANG_ENABLE_OBJC_WEAK = YES;
				CLANG_WARN_BLOCK_CAPTURE_AUTORELEASING = YES;
				CLANG_WARN_BOOL_CONVERSION = YES;
				CLANG_WARN_COMMA = YES;
				CLANG_WARN_CONSTANT_CONVERSION = YES;
				CLANG_WARN_DEPRECATED_OBJC_IMPLEMENTATIONS = YES;
				CLANG_WARN_DIRECT_OBJC_ISA_USAGE = YES_ERROR;
				CLANG_WARN_DOCUMENTATION_COMMENTS = YES;
				CLANG_WARN_EMPTY_BODY = YES;
				CLANG_WARN_ENUM_CONVERSION = YES;
				CLANG_WARN_INFINITE_RECURSION = YES;
				CLANG_WARN_INT_CONVERSION = YES;
				CLANG_WARN_NON_LITERAL_NULL_CONVERSION = YES;
				CLANG_WARN_OBJC_IMPLICIT_RETAIN_SELF = YES;
				CLANG_WARN_OBJC_LITERAL_CONVERSION = YES;
				CLANG_WARN_OBJC_ROOT_CLASS = YES_ERROR;
				CLANG_WARN_QUOTED_INCLUDE_IN_FRAMEWORK_HEADER = YES;
				CLANG_WARN_RANGE_LOOP_ANALYSIS = YES;
				CLANG_WARN_STRICT_PROTOTYPES = YES;
				CLANG_WARN_SUSPICIOUS_MOVE = YES;
				CLANG_WARN_UNGUARDED_AVAILABILITY = YES_AGGRESSIVE;
				CLANG_WARN_UNREACHABLE_CODE = YES;
				CLANG_WARN__DUPLICATE_METHOD_MATCH = YES;
				COPY_PHASE_STRIP = NO;
				DEBUG_INFORMATION_FORMAT = dwarf;
				ENABLE_STRICT_OBJC_MSGSEND = YES;
				ENABLE_TESTABILITY = YES;
				ENABLE_USER_SCRIPT_SANDBOXING = YES;
				GCC_C_LANGUAGE_STANDARD = gnu17;
				GCC_DYNAMIC_NO_PIC = NO;
				GCC_NO_COMMON_BLOCKS = YES;
				GCC_OPTIMIZATION_LEVEL = 0;
				GCC_PREPROCESSOR_DEFINITIONS = (
					"DEBUG=1",
					"$(inherited)",
				);
				GCC_WARN_64_TO_32_BIT_CONVERSION = YES;
				GCC_WARN_ABOUT_RETURN_TYPE = YES_ERROR;
				GCC_WARN_UNDECLARED_SELECTOR = YES;
				GCC_WARN_UNINITIALIZED_AUTOS = YES_AGGRESSIVE;
				GCC_WARN_UNUSED_FUNCTION = YES;
				GCC_WARN_UNUSED_VARIABLE = YES;
				IPHONEOS_DEPLOYMENT_TARGET = 17.5;
				LOCALIZATION_PREFERS_STRING_CATALOGS = YES;
				MTL_ENABLE_DEBUG_INFO = INCLUDE_SOURCE;
				MTL_FAST_MATH = YES;
				ONLY_ACTIVE_ARCH = YES;
				SDKROOT = iphoneos;
				SWIFT_ACTIVE_COMPILATION_CONDITIONS = "DEBUG $(inherited)";
				SWIFT_OPTIMIZATION_LEVEL = "-Onone";
			};
			name = Debug;
		};
		BAB192E62C432AE4001DEFAA /* Release */ = {
			isa = XCBuildConfiguration;
			buildSettings = {
				ALWAYS_SEARCH_USER_PATHS = NO;
				ASSETCATALOG_COMPILER_GENERATE_SWIFT_ASSET_SYMBOL_EXTENSIONS = YES;
				CLANG_ANALYZER_NONNULL = YES;
				CLANG_ANALYZER_NUMBER_OBJECT_CONVERSION = YES_AGGRESSIVE;
				CLANG_CXX_LANGUAGE_STANDARD = "gnu++20";
				CLANG_ENABLE_MODULES = YES;
				CLANG_ENABLE_OBJC_ARC = YES;
				CLANG_ENABLE_OBJC_WEAK = YES;
				CLANG_WARN_BLOCK_CAPTURE_AUTORELEASING = YES;
				CLANG_WARN_BOOL_CONVERSION = YES;
				CLANG_WARN_COMMA = YES;
				CLANG_WARN_CONSTANT_CONVERSION = YES;
				CLANG_WARN_DEPRECATED_OBJC_IMPLEMENTATIONS = YES;
				CLANG_WARN_DIRECT_OBJC_ISA_USAGE = YES_ERROR;
				CLANG_WARN_DOCUMENTATION_COMMENTS = YES;
				CLANG_WARN_EMPTY_BODY = YES;
				CLANG_WARN_ENUM_CONVERSION = YES;
				CLANG_WARN_INFINITE_RECURSION = YES;
				CLANG_WARN_INT_CONVERSION = YES;
				CLANG_WARN_NON_LITERAL_NULL_CONVERSION = YES;
				CLANG_WARN_OBJC_IMPLICIT_RETAIN_SELF = YES;
				CLANG_WARN_OBJC_LITERAL_CONVERSION = YES;
				CLANG_WARN_OBJC_ROOT_CLASS = YES_ERROR;
				CLANG_WARN_QUOTED_INCLUDE_IN_FRAMEWORK_HEADER = YES;
				CLANG_WARN_RANGE_LOOP_ANALYSIS = YES;
				CLANG_WARN_STRICT_PROTOTYPES = YES;
				CLANG_WARN_SUSPICIOUS_MOVE = YES;
				CLANG_WARN_UNGUARDED_AVAILABILITY = YES_AGGRESSIVE;
				CLANG_WARN_UNREACHABLE_CODE = YES;
				CLANG_WARN__DUPLICATE_METHOD_MATCH = YES;
				COPY_PHASE_STRIP = NO;
				DEBUG_INFORMATION_FORMAT = "dwarf-with-dsym";
				ENABLE_NS_ASSERTIONS = NO;
				ENABLE_STRICT_OBJC_MSGSEND = YES;
				ENABLE_USER_SCRIPT_SANDBOXING = YES;
				GCC_C_LANGUAGE_STANDARD = gnu17;
				GCC_NO_COMMON_BLOCKS = YES;
				GCC_WARN_64_TO_32_BIT_CONVERSION = YES;
				GCC_WARN_ABOUT_RETURN_TYPE = YES_ERROR;
				GCC_WARN_UNDECLARED_SELECTOR = YES;
				GCC_WARN_UNINITIALIZED_AUTOS = YES_AGGRESSIVE;
				GCC_WARN_UNUSED_FUNCTION = YES;
				GCC_WARN_UNUSED_VARIABLE = YES;
				IPHONEOS_DEPLOYMENT_TARGET = 17.5;
				LOCALIZATION_PREFERS_STRING_CATALOGS = YES;
				MTL_ENABLE_DEBUG_INFO = NO;
				MTL_FAST_MATH = YES;
				SDKROOT = iphoneos;
				SWIFT_COMPILATION_MODE = wholemodule;
				VALIDATE_PRODUCT = YES;
			};
			name = Release;
		};
		BAB192E82C432AE4001DEFAA /* Debug */ = {
			isa = XCBuildConfiguration;
			buildSettings = {
				ASSETCATALOG_COMPILER_APPICON_NAME = AppIcon;
				ASSETCATALOG_COMPILER_GLOBAL_ACCENT_COLOR_NAME = AccentColor;
				CODE_SIGN_STYLE = Automatic;
				CURRENT_PROJECT_VERSION = 1;
				DEVELOPMENT_TEAM = 6VH946FT2M;
				GENERATE_INFOPLIST_FILE = YES;
				INFOPLIST_FILE = GoodWeather/Info.plist;
				INFOPLIST_KEY_UIApplicationSupportsIndirectInputEvents = YES;
				INFOPLIST_KEY_UILaunchStoryboardName = LaunchScreen;
				INFOPLIST_KEY_UIMainStoryboardFile = Main;
				INFOPLIST_KEY_UIStatusBarStyle = UIStatusBarStyleLightContent;
				INFOPLIST_KEY_UISupportedInterfaceOrientations_iPad = "UIInterfaceOrientationPortrait UIInterfaceOrientationPortraitUpsideDown UIInterfaceOrientationLandscapeLeft UIInterfaceOrientationLandscapeRight";
				INFOPLIST_KEY_UISupportedInterfaceOrientations_iPhone = "UIInterfaceOrientationPortrait UIInterfaceOrientationLandscapeLeft UIInterfaceOrientationLandscapeRight";
				LD_RUNPATH_SEARCH_PATHS = (
					"$(inherited)",
					"@executable_path/Frameworks",
				);
				MARKETING_VERSION = 1.0;
				PRODUCT_BUNDLE_IDENTIFIER = com.henrycalderon.GoodWeather;
				PRODUCT_NAME = "$(TARGET_NAME)";
				SWIFT_EMIT_LOC_STRINGS = YES;
				SWIFT_VERSION = 5.0;
				TARGETED_DEVICE_FAMILY = "1,2";
			};
			name = Debug;
		};
		BAB192E92C432AE4001DEFAA /* Release */ = {
			isa = XCBuildConfiguration;
			buildSettings = {
				ASSETCATALOG_COMPILER_APPICON_NAME = AppIcon;
				ASSETCATALOG_COMPILER_GLOBAL_ACCENT_COLOR_NAME = AccentColor;
				CODE_SIGN_STYLE = Automatic;
				CURRENT_PROJECT_VERSION = 1;
				DEVELOPMENT_TEAM = 6VH946FT2M;
				GENERATE_INFOPLIST_FILE = YES;
				INFOPLIST_FILE = GoodWeather/Info.plist;
				INFOPLIST_KEY_UIApplicationSupportsIndirectInputEvents = YES;
				INFOPLIST_KEY_UILaunchStoryboardName = LaunchScreen;
				INFOPLIST_KEY_UIMainStoryboardFile = Main;
				INFOPLIST_KEY_UIStatusBarStyle = UIStatusBarStyleLightContent;
				INFOPLIST_KEY_UISupportedInterfaceOrientations_iPad = "UIInterfaceOrientationPortrait UIInterfaceOrientationPortraitUpsideDown UIInterfaceOrientationLandscapeLeft UIInterfaceOrientationLandscapeRight";
				INFOPLIST_KEY_UISupportedInterfaceOrientations_iPhone = "UIInterfaceOrientationPortrait UIInterfaceOrientationLandscapeLeft UIInterfaceOrientationLandscapeRight";
				LD_RUNPATH_SEARCH_PATHS = (
					"$(inherited)",
					"@executable_path/Frameworks",
				);
				MARKETING_VERSION = 1.0;
				PRODUCT_BUNDLE_IDENTIFIER = com.henrycalderon.GoodWeather;
				PRODUCT_NAME = "$(TARGET_NAME)";
				SWIFT_EMIT_LOC_STRINGS = YES;
				SWIFT_VERSION = 5.0;
				TARGETED_DEVICE_FAMILY = "1,2";
			};
			name = Release;
		};
/* End XCBuildConfiguration section */

/* Begin XCConfigurationList section */
		BAB192CE2C432AE1001DEFAA /* Build configuration list for PBXProject "GoodWeather" */ = {
			isa = XCConfigurationList;
			buildConfigurations = (
				BAB192E52C432AE4001DEFAA /* Debug */,
				BAB192E62C432AE4001DEFAA /* Release */,
			);
			defaultConfigurationIsVisible = 0;
			defaultConfigurationName = Release;
		};
		BAB192E72C432AE4001DEFAA /* Build configuration list for PBXNativeTarget "GoodWeather" */ = {
			isa = XCConfigurationList;
			buildConfigurations = (
				BAB192E82C432AE4001DEFAA /* Debug */,
				BAB192E92C432AE4001DEFAA /* Release */,
			);
			defaultConfigurationIsVisible = 0;
			defaultConfigurationName = Release;
		};
/* End XCConfigurationList section */
	};
	rootObject = BAB192CB2C432AE1001DEFAA /* Project object */;
}
